github.com/BurntSushi/xgb v0.0.0-20200324125942-20f126ea2843/go.mod h1:IVnqGOEym/WlBOVXweHU+Q+/VP0lqqI8lqeDx9IjBqo=
github.com/BurntSushi/xgbutil v0.0.0-20190907113008-ad855c713046/go.mod h1:uw9h2sd4WWHOPdJ13MQpwK5qYWKYDumDqxWWIknEQ+k=
github.com/maruel/temperature v1.0.0 h1:78FX+YkXHH7iBSNcZBqRW3TN6gLOHlhYvjqvdP/aQ5Q=
github.com/maruel/temperature v1.0.0/go.mod h1:vIWWv/2SYBsJV65/FQAidxWQly41yYLUTaTzGDJEQWc=
github.com/tzvetkoff-go/optparse v0.0.0-20200613135135-7718cf5540c1/go.mod h1:CscPtmJtl0IMzPKkk7RbaycLCdW4UC1VlOXwmYyrlJ0=
